
Microsoft Visual Studio Solution File, Format Version 12.00
# Visual Studio Version 16
VisualStudioVersion = 16.0.31729.503
MinimumVisualStudioVersion = 10.0.40219.1
Project("{FAE04EC0-301F-11D3-BF4B-00C04F79EFBC}") = "Voisian_Maria_Lab2", "Voisian_Maria_Lab2.csproj", "{DDA65835-D308-41C0-B5C4-A557AEFA2320}"
EndProject
Global
	GlobalSection(SolutionConfigurationPlatforms) = preSolution
		Debug|Any CPU = Debug|Any CPU
		Release|Any CPU = Release|Any CPU
	EndGlobalSection
	GlobalSection(ProjectConfigurationPlatforms) = postSolution
		{DDA65835-D308-41C0-B5C4-A557AEFA2320}.Debug|Any CPU.ActiveCfg = Debug|Any CPU
		{DDA65835-D308-41C0-B5C4-A557AEFA2320}.Debug|Any CPU.Build.0 = Debug|Any CPU
		{DDA65835-D308-41C0-B5C4-A557AEFA2320}.Release|Any CPU.ActiveCfg = Release|Any CPU
		{DDA65835-D308-41C0-B5C4-A557AEFA2320}.Release|Any CPU.Build.0 = Release|Any CPU
	EndGlobalSection
	GlobalSection(SolutionProperties) = preSolution
		HideSolutionNode = FALSE
	EndGlobalSection
	GlobalSection(ExtensibilityGlobals) = postSolution
		SolutionGuid = {4FA76981-41BB-436C-B858-2D123237C031}
	EndGlobalSection
EndGlobal
